{
  "version": "5",
  "specifiers": {
    "npm:@types/react-dom@19": "19.0.4_@types+react@19.0.12",
    "npm:@types/react@19": "19.0.12"
  },
  "npm": {
    "@emnapi/runtime@1.4.0": {
      "integrity": "sha512-64WYIf4UYcdLnbKn/umDlNjQDSS8AgZrI/R9+x5ilkUVFxXcA1Ebl+gQLc/6mERA4407Xof0R7wEyEuj091CVw==",
      "dependencies": [
        "tslib@2.8.1"
      ]
    },
    "@img/sharp-darwin-arm64@0.33.5": {
      "integrity": "sha512-UT4p+iz/2H4twwAoLCqfA9UH5pI6DggwKEGuaPy7nCVQ8ZsiY5PIcrRvD1DzuY3qYL07NtIQcWnBSY/heikIFQ==",
      "optionalDependencies": [
        "@img/sharp-libvips-darwin-arm64"
      ],
      "os": ["darwin"],
      "cpu": ["arm64"]
    },
    "@img/sharp-darwin-x64@0.33.5": {
      "integrity": "sha512-fyHac4jIc1ANYGRDxtiqelIbdWkIuQaI84Mv45KvGRRxSAa7o7d1ZKAOBaYbnepLC1WqxfpimdeWfvqqSGwR2Q==",
      "optionalDependencies": [
        "@img/sharp-libvips-darwin-x64"
      ],
      "os": ["darwin"],
      "cpu": ["x64"]
    },
    "@img/sharp-libvips-darwin-arm64@1.0.4": {
      "integrity": "sha512-XblONe153h0O2zuFfTAbQYAX2JhYmDHeWikp1LM9Hul9gVPjFY427k6dFEcOL72O01QxQsWi761svJ/ev9xEDg==",
      "os": ["darwin"],
      "cpu": ["arm64"]
    },
    "@img/sharp-libvips-darwin-x64@1.0.4": {
      "integrity": "sha512-xnGR8YuZYfJGmWPvmlunFaWJsb9T/AO2ykoP3Fz/0X5XV2aoYBPkX6xqCQvUTKKiLddarLaxpzNe+b1hjeWHAQ==",
      "os": ["darwin"],
      "cpu": ["x64"]
    },
    "@img/sharp-libvips-linux-arm64@1.0.4": {
      "integrity": "sha512-9B+taZ8DlyyqzZQnoeIvDVR/2F4EbMepXMc/NdVbkzsJbzkUjhXv/70GQJ7tdLA4YJgNP25zukcxpX2/SueNrA==",
      "os": ["linux"],
      "cpu": ["arm64"]
    },
    "@img/sharp-libvips-linux-arm@1.0.5": {
      "integrity": "sha512-gvcC4ACAOPRNATg/ov8/MnbxFDJqf/pDePbBnuBDcjsI8PssmjoKMAz4LtLaVi+OnSb5FK/yIOamqDwGmXW32g==",
      "os": ["linux"],
      "cpu": ["arm"]
    },
    "@img/sharp-libvips-linux-s390x@1.0.4": {
      "integrity": "sha512-u7Wz6ntiSSgGSGcjZ55im6uvTrOxSIS8/dgoVMoiGE9I6JAfU50yH5BoDlYA1tcuGS7g/QNtetJnxA6QEsCVTA==",
      "os": ["linux"],
      "cpu": ["s390x"]
    },
    "@img/sharp-libvips-linux-x64@1.0.4": {
      "integrity": "sha512-MmWmQ3iPFZr0Iev+BAgVMb3ZyC4KeFc3jFxnNbEPas60e1cIfevbtuyf9nDGIzOaW9PdnDciJm+wFFaTlj5xYw==",
      "os": ["linux"],
      "cpu": ["x64"]
    },
    "@img/sharp-libvips-linuxmusl-arm64@1.0.4": {
      "integrity": "sha512-9Ti+BbTYDcsbp4wfYib8Ctm1ilkugkA/uscUn6UXK1ldpC1JjiXbLfFZtRlBhjPZ5o1NCLiDbg8fhUPKStHoTA==",
      "os": ["linux"],
      "cpu": ["arm64"]
    },
    "@img/sharp-libvips-linuxmusl-x64@1.0.4": {
      "integrity": "sha512-viYN1KX9m+/hGkJtvYYp+CCLgnJXwiQB39damAO7WMdKWlIhmYTfHjwSbQeUK/20vY154mwezd9HflVFM1wVSw==",
      "os": ["linux"],
      "cpu": ["x64"]
    },
    "@img/sharp-linux-arm64@0.33.5": {
      "integrity": "sha512-JMVv+AMRyGOHtO1RFBiJy/MBsgz0x4AWrT6QoEVVTyh1E39TrCUpTRI7mx9VksGX4awWASxqCYLCV4wBZHAYxA==",
      "optionalDependencies": [
        "@img/sharp-libvips-linux-arm64"
      ],
      "os": ["linux"],
      "cpu": ["arm64"]
    },
    "@img/sharp-linux-arm@0.33.5": {
      "integrity": "sha512-JTS1eldqZbJxjvKaAkxhZmBqPRGmxgu+qFKSInv8moZ2AmT5Yib3EQ1c6gp493HvrvV8QgdOXdyaIBrhvFhBMQ==",
      "optionalDependencies": [
        "@img/sharp-libvips-linux-arm"
      ],
      "os": ["linux"],
      "cpu": ["arm"]
    },
    "@img/sharp-linux-s390x@0.33.5": {
      "integrity": "sha512-y/5PCd+mP4CA/sPDKl2961b+C9d+vPAveS33s6Z3zfASk2j5upL6fXVPZi7ztePZ5CuH+1kW8JtvxgbuXHRa4Q==",
      "optionalDependencies": [
        "@img/sharp-libvips-linux-s390x"
      ],
      "os": ["linux"],
      "cpu": ["s390x"]
    },
    "@img/sharp-linux-x64@0.33.5": {
      "integrity": "sha512-opC+Ok5pRNAzuvq1AG0ar+1owsu842/Ab+4qvU879ippJBHvyY5n2mxF1izXqkPYlGuP/M556uh53jRLJmzTWA==",
      "optionalDependencies": [
        "@img/sharp-libvips-linux-x64"
      ],
      "os": ["linux"],
      "cpu": ["x64"]
    },
    "@img/sharp-linuxmusl-arm64@0.33.5": {
      "integrity": "sha512-XrHMZwGQGvJg2V/oRSUfSAfjfPxO+4DkiRh6p2AFjLQztWUuY/o8Mq0eMQVIY7HJ1CDQUJlxGGZRw1a5bqmd1g==",
      "optionalDependencies": [
        "@img/sharp-libvips-linuxmusl-arm64"
      ],
      "os": ["linux"],
      "cpu": ["arm64"]
    },
    "@img/sharp-linuxmusl-x64@0.33.5": {
      "integrity": "sha512-WT+d/cgqKkkKySYmqoZ8y3pxx7lx9vVejxW/W4DOFMYVSkErR+w7mf2u8m/y4+xHe7yY9DAXQMWQhpnMuFfScw==",
      "optionalDependencies": [
        "@img/sharp-libvips-linuxmusl-x64"
      ],
      "os": ["linux"],
      "cpu": ["x64"]
    },
    "@img/sharp-wasm32@0.33.5": {
      "integrity": "sha512-ykUW4LVGaMcU9lu9thv85CbRMAwfeadCJHRsg2GmeRa/cJxsVY9Rbd57JcMxBkKHag5U/x7TSBpScF4U8ElVzg==",
      "dependencies": [
        "@emnapi/runtime"
      ],
      "cpu": ["wasm32"]
    },
    "@img/sharp-win32-ia32@0.33.5": {
      "integrity": "sha512-T36PblLaTwuVJ/zw/LaH0PdZkRz5rd3SmMHX8GSmR7vtNSP5Z6bQkExdSK7xGWyxLw4sUknBuugTelgw2faBbQ==",
      "os": ["win32"],
      "cpu": ["ia32"]
    },
    "@img/sharp-win32-x64@0.33.5": {
      "integrity": "sha512-MpY/o8/8kj+EcnxwvrP4aTJSWw/aZ7JIGR4aBeZkZw5B7/Jn+tY9/VNwtcoGmdT7GfggGIU4kygOMSbYnOrAbg==",
      "os": ["win32"],
      "cpu": ["x64"]
    },
    "@next/swc-darwin-arm64@15.2.4": {
      "integrity": "sha512-1AnMfs655ipJEDC/FHkSr0r3lXBgpqKo4K1kiwfUf3iE68rDFXZ1TtHdMvf7D0hMItgDZ7Vuq3JgNMbt/+3bYw==",
      "os": ["darwin"],
      "cpu": ["arm64"]
    },
    "@next/swc-darwin-x64@15.2.4": {
      "integrity": "sha512-3qK2zb5EwCwxnO2HeO+TRqCubeI/NgCe+kL5dTJlPldV/uwCnUgC7VbEzgmxbfrkbjehL4H9BPztWOEtsoMwew==",
      "os": ["darwin"],
      "cpu": ["x64"]
    },
    "@next/swc-linux-arm64-gnu@15.2.4": {
      "integrity": "sha512-HFN6GKUcrTWvem8AZN7tT95zPb0GUGv9v0d0iyuTb303vbXkkbHDp/DxufB04jNVD+IN9yHy7y/6Mqq0h0YVaQ==",
      "os": ["linux"],
      "cpu": ["arm64"]
    },
    "@next/swc-linux-arm64-musl@15.2.4": {
      "integrity": "sha512-Oioa0SORWLwi35/kVB8aCk5Uq+5/ZIumMK1kJV+jSdazFm2NzPDztsefzdmzzpx5oGCJ6FkUC7vkaUseNTStNA==",
      "os": ["linux"],
      "cpu": ["arm64"]
    },
    "@next/swc-linux-x64-gnu@15.2.4": {
      "integrity": "sha512-yb5WTRaHdkgOqFOZiu6rHV1fAEK0flVpaIN2HB6kxHVSy/dIajWbThS7qON3W9/SNOH2JWkVCyulgGYekMePuw==",
      "os": ["linux"],
      "cpu": ["x64"]
    },
    "@next/swc-linux-x64-musl@15.2.4": {
      "integrity": "sha512-Dcdv/ix6srhkM25fgXiyOieFUkz+fOYkHlydWCtB0xMST6X9XYI3yPDKBZt1xuhOytONsIFJFB08xXYsxUwJLw==",
      "os": ["linux"],
      "cpu": ["x64"]
    },
    "@next/swc-win32-arm64-msvc@15.2.4": {
      "integrity": "sha512-dW0i7eukvDxtIhCYkMrZNQfNicPDExt2jPb9AZPpL7cfyUo7QSNl1DjsHjmmKp6qNAqUESyT8YFl/Aw91cNJJg==",
      "os": ["win32"],
      "cpu": ["arm64"]
    },
    "@next/swc-win32-x64-msvc@15.2.4": {
      "integrity": "sha512-SbnWkJmkS7Xl3kre8SdMF6F/XDh1DTFEhp0jRTj/uB8iPKoU2bb2NDfcu+iifv1+mxQEd1g2vvSxcZbXSKyWiQ==",
      "os": ["win32"],
      "cpu": ["x64"]
    },
    "@types/react-dom@19.0.4_@types+react@19.0.12": {
      "integrity": "sha512-4fSQ8vWFkg+TGhePfUzVmat3eC14TXYSsiiDSLI0dVLsrm9gZFABjPy/Qu6TKgl1tq1Bu1yDsuQgY3A3DOjCcg==",
      "dependencies": [
        "@types/react"
      ]
    },
    "@types/react@19.0.12": {
      "integrity": "sha512-V6Ar115dBDrjbtXSrS+/Oruobc+qVbbUxDFC1RSbRqLt5SYvxxyIDrSC85RWml54g+jfNeEMZhEj7wW07ONQhA==",
      "dependencies": [
        "csstype"
      ]
    },
    "color-convert@2.0.1": {
      "integrity": "sha512-RRECPsj7iu/xb5oKYcsFHSppFNnsj/52OVTRKb4zP5onXwVF3zVmmToNcOfGC+CRDpfK/U584fMg38ZHCaElKQ==",
      "dependencies": [
        "color-name"
      ]
    },
    "color-name@1.1.4": {
      "integrity": "sha512-dOy+3AuW3a2wNbZHIuMZpTcgjGuLU/uBL/ubcZF9OXbDo8ff4O8yVp5Bf0efS8uEoYo5q4Fx7dY9OgQGXgAsQA=="
    },
    "color-string@1.9.1": {
      "integrity": "sha512-shrVawQFojnZv6xM40anx4CkoDP+fZsw/ZerEMsW/pyzsRbElpsL/DBVW7q3ExxwusdNXI3lXpuhEZkzs8p5Eg==",
      "dependencies": [
        "color-name",
        "simple-swizzle"
      ]
    },
    "color@4.2.3": {
      "integrity": "sha512-1rXeuUUiGGrykh+CeBdu5Ie7OJwinCgQY0bc7GCRxy5xVHy+moaqkpL/jqQq0MtQOeYcrqEz4abc5f0KtU7W4A==",
      "dependencies": [
        "color-convert",
        "color-string"
      ]
    },
    "csstype@3.1.3": {
      "integrity": "sha512-M1uQkMl8rQK/szD0LNhtqxIPLpimGm8sOBwU7lLnCpSbTyY3yeU1Vc7l4KT5zT4s/yOxHH5O7tIuuLOCnLADRw=="
    },
    "detect-libc@2.0.3": {
      "integrity": "sha512-bwy0MGW55bG41VqxxypOsdSdGqLwXPI/focwgTYCFMbdUiBAxLg9CFzG08sz2aqzknwiX7Hkl0bQENjg8iLByw=="
    },
    "is-arrayish@0.3.2": {
      "integrity": "sha512-eVRqCvVlZbuw3GrM63ovNSNAeA1K16kaR/LRY/92w0zxQ5/1YzwblUX652i4Xs9RwAGjW9d9y6X88t8OaAJfWQ=="
    },
    "semver@7.7.1": {
      "integrity": "sha512-hlq8tAfn0m/61p4BVRcPzIGr6LKiMwo4VM6dGi6pt4qcRkmNzTcWq6eCEjEh+qXjkMDvPlOFFSGwQjoEa6gyMA==",
      "bin": true
    },
    "sharp@0.33.5": {
      "integrity": "sha512-haPVm1EkS9pgvHrQ/F3Xy+hgcuMV0Wm9vfIBSiwZ05k+xgb0PkBQpGsAA/oWdDobNaZTH5ppvHtzCFbnSEwHVw==",
      "dependencies": [
        "color",
        "detect-libc",
        "semver"
      ],
      "optionalDependencies": [
        "@img/sharp-darwin-arm64",
        "@img/sharp-darwin-x64",
        "@img/sharp-libvips-darwin-arm64",
        "@img/sharp-libvips-darwin-x64",
        "@img/sharp-libvips-linux-arm",
        "@img/sharp-libvips-linux-arm64",
        "@img/sharp-libvips-linux-s390x",
        "@img/sharp-libvips-linux-x64",
        "@img/sharp-libvips-linuxmusl-arm64",
        "@img/sharp-libvips-linuxmusl-x64",
        "@img/sharp-linux-arm",
        "@img/sharp-linux-arm64",
        "@img/sharp-linux-s390x",
        "@img/sharp-linux-x64",
        "@img/sharp-linuxmusl-arm64",
        "@img/sharp-linuxmusl-x64",
        "@img/sharp-wasm32",
        "@img/sharp-win32-ia32",
        "@img/sharp-win32-x64"
      ],
      "scripts": true
    },
    "simple-swizzle@0.2.2": {
      "integrity": "sha512-JA//kQgZtbuY83m+xT+tXJkmJncGMTFT+C+g2h2R9uxkYIrE2yy9sgmcLhCnw57/WSD+Eh3J97FPEDFnbXnDUg==",
      "dependencies": [
        "is-arrayish"
      ]
    }
  },
  "redirects": {
    "https://deno.land/x/smtp/mod.ts": "https://deno.land/x/smtp@v0.7.0/mod.ts"
  },
  "remote": {
    "https://deno.land/std@0.201.0/assert/assert.ts": "9a97dad6d98c238938e7540736b826440ad8c1c1e54430ca4c4e623e585607ee",
    "https://deno.land/std@0.201.0/assert/assertion_error.ts": "4d0bde9b374dfbcbe8ac23f54f567b77024fb67dbb1906a852d67fe050d42f56",
    "https://deno.land/std@0.201.0/fs/_util.ts": "fbf57dcdc9f7bc8128d60301eece608246971a7836a3bb1e78da75314f08b978",
    "https://deno.land/std@0.201.0/fs/copy.ts": "23cc1c465babe5ca4d69778821e2f8addc44593e30a5ca0b902b3784eed75bb6",
    "https://deno.land/std@0.201.0/fs/empty_dir.ts": "2e52cd4674d18e2e007175c80449fc3d263786a1361e858d9dfa9360a6581b47",
    "https://deno.land/std@0.201.0/fs/ensure_dir.ts": "dc64c4c75c64721d4e3fb681f1382f803ff3d2868f08563ff923fdd20d071c40",
    "https://deno.land/std@0.201.0/fs/ensure_file.ts": "39ac83cc283a20ec2735e956adf5de3e8a3334e0b6820547b5772f71c49ae083",
    "https://deno.land/std@0.201.0/fs/ensure_link.ts": "c15e69c48556d78aae31b83e0c0ece04b7b8bc0951412f5b759aceb6fde7f0ac",
    "https://deno.land/std@0.201.0/fs/ensure_symlink.ts": "b389c8568f0656d145ac7ece472afe710815cccbb2ebfd19da7978379ae143fe",
    "https://deno.land/std@0.201.0/fs/eol.ts": "f1f2eb348a750c34500741987b21d65607f352cf7205f48f4319d417fff42842",
    "https://deno.land/std@0.201.0/fs/exists.ts": "cb59a853d84871d87acab0e7936a4dac11282957f8e195102c5a7acb42546bb8",
    "https://deno.land/std@0.201.0/fs/expand_glob.ts": "52b8b6f5b1fa585c348250da1c80ce5d820746cb4a75d874b3599646f677d3a7",
    "https://deno.land/std@0.201.0/fs/mod.ts": "bc3d0acd488cc7b42627044caf47d72019846d459279544e1934418955ba4898",
    "https://deno.land/std@0.201.0/fs/move.ts": "b4f8f46730b40c32ea3c0bc8eb0fd0e8139249a698883c7b3756424cf19785c9",
    "https://deno.land/std@0.201.0/fs/walk.ts": "a16146724a6aaf9efdb92023a74e9805195c3469900744ce5de4113b07b29779",
    "https://deno.land/std@0.201.0/path/_basename.ts": "057d420c9049821f983f784fd87fa73ac471901fb628920b67972b0f44319343",
    "https://deno.land/std@0.201.0/path/_constants.ts": "e49961f6f4f48039c0dfed3c3f93e963ca3d92791c9d478ac5b43183413136e0",
    "https://deno.land/std@0.201.0/path/_dirname.ts": "355e297236b2218600aee7a5301b937204c62e12da9db4b0b044993d9e658395",
    "https://deno.land/std@0.201.0/path/_extname.ts": "eaaa5aae1acf1f03254d681bd6a8ce42a9cb5b7ff2213a9d4740e8ab31283664",
    "https://deno.land/std@0.201.0/path/_format.ts": "4a99270d6810f082e614309164fad75d6f1a483b68eed97c830a506cc589f8b4",
    "https://deno.land/std@0.201.0/path/_from_file_url.ts": "6eadfae2e6f63ad9ee46b26db4a1b16583055c0392acedfb50ed2fc694b6f581",
    "https://deno.land/std@0.201.0/path/_interface.ts": "6471159dfbbc357e03882c2266d21ef9afdb1e4aa771b0545e90db58a0ba314b",
    "https://deno.land/std@0.201.0/path/_is_absolute.ts": "05dac10b5e93c63198b92e3687baa2be178df5321c527dc555266c0f4f51558c",
    "https://deno.land/std@0.201.0/path/_join.ts": "815f5e85b042285175b1492dd5781240ce126c23bd97bad6b8211fe7129c538e",
    "https://deno.land/std@0.201.0/path/_normalize.ts": "a19ec8706b2707f9dd974662a5cd89fad438e62ab1857e08b314a8eb49a34d81",
    "https://deno.land/std@0.201.0/path/_os.ts": "d932f56d41e4f6a6093d56044e29ce637f8dcc43c5a90af43504a889cf1775e3",
    "https://deno.land/std@0.201.0/path/_parse.ts": "0f9b0ff43682dd9964eb1c4398610c4e165d8db9d3ac9d594220217adf480cfa",
    "https://deno.land/std@0.201.0/path/_relative.ts": "27bdeffb5311a47d85be26d37ad1969979359f7636c5cd9fcf05dcd0d5099dc5",
    "https://deno.land/std@0.201.0/path/_resolve.ts": "7a3616f1093735ed327e758313b79c3c04ea921808ca5f19ddf240cb68d0adf6",
    "https://deno.land/std@0.201.0/path/_to_file_url.ts": "a141e4a525303e1a3a0c0571fd024552b5f3553a2af7d75d1ff3a503dcbb66d8",
    "https://deno.land/std@0.201.0/path/_to_namespaced_path.ts": "0d5f4caa2ed98ef7a8786286df6af804b50e38859ae897b5b5b4c8c5930a75c8",
    "https://deno.land/std@0.201.0/path/_util.ts": "4e191b1bac6b3bf0c31aab42e5ca2e01a86ab5a0d2e08b75acf8585047a86221",
    "https://deno.land/std@0.201.0/path/basename.ts": "bdfa5a624c6a45564dc6758ef2077f2822978a6dbe77b0a3514f7d1f81362930",
    "https://deno.land/std@0.201.0/path/common.ts": "ee7505ab01fd22de3963b64e46cff31f40de34f9f8de1fff6a1bd2fe79380000",
    "https://deno.land/std@0.201.0/path/dirname.ts": "b6533f4ee4174a526dec50c279534df5345836dfdc15318400b08c62a62a39dd",
    "https://deno.land/std@0.201.0/path/extname.ts": "62c4b376300795342fe1e4746c0de518b4dc9c4b0b4617bfee62a2973a9555cf",
    "https://deno.land/std@0.201.0/path/format.ts": "110270b238514dd68455a4c54956215a1aff7e37e22e4427b7771cefe1920aa5",
    "https://deno.land/std@0.201.0/path/from_file_url.ts": "9f5cb58d58be14c775ec2e57fc70029ac8b17ed3bd7fe93e475b07280adde0ac",
    "https://deno.land/std@0.201.0/path/glob.ts": "593e2c3573883225c25c5a21aaa8e9382a696b8e175ea20a3b6a1471ad17aaed",
    "https://deno.land/std@0.201.0/path/is_absolute.ts": "0b92eb35a0a8780e9f16f16bb23655b67dace6a8e0d92d42039e518ee38103c1",
    "https://deno.land/std@0.201.0/path/join.ts": "31c5419f23d91655b08ec7aec403f4e4cd1a63d39e28f6e42642ea207c2734f8",
    "https://deno.land/std@0.201.0/path/mod.ts": "6e1efb0b13121463aedb53ea51dabf5639a3172ab58c89900bbb72b486872532",
    "https://deno.land/std@0.201.0/path/normalize.ts": "6ea523e0040979dd7ae2f1be5bf2083941881a252554c0f32566a18b03021955",
    "https://deno.land/std@0.201.0/path/parse.ts": "be8de342bb9e1924d78dc4d93c45215c152db7bf738ec32475560424b119b394",
    "https://deno.land/std@0.201.0/path/posix.ts": "0a1c1952d132323a88736d03e92bd236f3ed5f9f079e5823fae07c8d978ee61b",
    "https://deno.land/std@0.201.0/path/relative.ts": "8bedac226afd360afc45d451a6c29fabceaf32978526bcb38e0c852661f66c61",
    "https://deno.land/std@0.201.0/path/resolve.ts": "133161e4949fc97f9ca67988d51376b0f5eef8968a6372325ab84d39d30b80dc",
    "https://deno.land/std@0.201.0/path/separator.ts": "40a3e9a4ad10bef23bc2cd6c610291b6c502a06237c2c4cd034a15ca78dedc1f",
    "https://deno.land/std@0.201.0/path/to_file_url.ts": "00e6322373dd51ad109956b775e4e72e5f9fa68ce2c6b04e4af2a6eed3825d31",
    "https://deno.land/std@0.201.0/path/to_namespaced_path.ts": "1b1db3055c343ab389901adfbda34e82b7386bcd1c744d54f9c1496ee0fd0c3d",
    "https://deno.land/std@0.201.0/path/win32.ts": "8b3f80ef7a462511d5e8020ff490edcaa0a0d118f1b1e9da50e2916bdd73f9dd",
    "https://deno.land/std@0.224.0/dotenv/mod.ts": "0180eaeedaaf88647318811cdaa418cc64dc51fb08354f91f5f480d0a1309f7d",
    "https://deno.land/std@0.224.0/dotenv/parse.ts": "09977ff88dfd1f24f9973a338f0f91bbdb9307eb5ff6085446e7c423e4c7ba0c",
    "https://deno.land/std@0.224.0/dotenv/stringify.ts": "275da322c409170160440836342eaa7cf012a1d11a7e700d8ca4e7f2f8aa4615",
    "https://deno.land/std@0.81.0/_util/assert.ts": "e1f76e77c5ccb5a8e0dbbbe6cce3a56d2556c8cb5a9a8802fc9565af72462149",
    "https://deno.land/std@0.81.0/bytes/mod.ts": "e4f91c6473fe13e3cf1a23649137f87f49135c10bc08fc0f83382a0fb0b03744",
    "https://deno.land/std@0.81.0/encoding/utf8.ts": "1b7e77db9a12363c67872f8a208886ca1329f160c1ca9133b13d2ed399688b99",
    "https://deno.land/std@0.81.0/io/bufio.ts": "3cbbe1f761c1c636d1e7128ed4e7fdca6bf21d9199aa3cae71e69972a6ae8f93",
    "https://deno.land/std@0.81.0/textproto/mod.ts": "4c378eda3cb6216608bb4c3a34201761c65f6980c4669455ca224c330cd5b790",
    "https://deno.land/x/smtp@v0.7.0/code.ts": "f388fae4995b4d35d99fb6b8bfded522f5a3e7e7d63babdf318a059d6db43baf",
    "https://deno.land/x/smtp@v0.7.0/config.ts": "683a6fa684e5ef3705e809b203abea7804a90afde7b534d66c182ea3d17902d3",
    "https://deno.land/x/smtp@v0.7.0/deps.ts": "5e2a437e3ae35f0e83719fd2e707858dcb750c1111ff5bebc729522a1380b53d",
    "https://deno.land/x/smtp@v0.7.0/mod.ts": "9b0d8fbdacc184d1af10f727980e51486e0ddf9d2ec7227c8dfce90db5bfbcf5",
    "https://deno.land/x/smtp@v0.7.0/smtp.ts": "47c72a99925ad07f3174037f9325dbb8b703dc1177277b9161dc6209c7fa4f90"
  },
  "workspace": {
    "dependencies": [
      "npm:mongodb@*"
    ],
    "packageJson": {
      "dependencies": [
        "npm:@mapbox/mapbox-gl-directions@^4.3.1",
        "npm:@types/mapbox-gl@^3.4.1",
        "npm:@types/node@^20.19.0",
        "npm:@types/nodemailer@^6.4.17",
        "npm:@types/react-dom@19",
        "npm:@types/react@19",
        "npm:axios@^1.9.0",
        "npm:bcryptjs@^3.0.2",
        "npm:bootstrap@^5.3.6",
        "npm:dotenv@^16.4.7",
        "npm:framer-motion@^12.9.2",
        "npm:jose@^6.0.10",
        "npm:jwt-decode@4",
        "npm:mapbox-gl@^3.11.0",
        "npm:mongodb@^6.15.0",
        "npm:multi-range-slider-react@^2.0.7",
        "npm:next-auth@^4.24.11",
        "npm:next@^15.2.4",
        "npm:nodemailer@^6.10.1",
        "npm:rc-slider@^11.1.8",
        "npm:react-bootstrap-icons@^1.11.5",
        "npm:react-bootstrap-range-slider@^3.0.8",
        "npm:react-bootstrap@^2.10.10",
        "npm:react-dom@^19.1.0",
        "npm:react-icons@^5.5.0",
        "npm:react-toastify@^11.0.5",
        "npm:react@^19.1.0",
        "npm:swiper@^11.2.8",
        "npm:typescript@^5.8.3",
        "npm:uuid@^11.1.0"
      ]
    }
  }
}
